PODS:
  - ZMKHUserUploadPictureTool (0.1.2)

DEPENDENCIES:
  - ZMKHUserUploadPictureTool (from `../`)

EXTERNAL SOURCES:
  ZMKHUserUploadPictureTool:
    :path: "../"

SPEC CHECKSUMS:
  ZMKHUserUploadPictureTool: 16e86b3cda46d2e8590777fcfabd48f90c6806c0

PODFILE CHECKSUM: e65b9317680056730fd4056f75f95025d28fffca

COCOAPODS: 1.6.1
