PODS:
  - ZMKHUserUploadPictureTool (0.1.6)

DEPENDENCIES:
  - ZMKHUserUploadPictureTool (from `../`)

EXTERNAL SOURCES:
  ZMKHUserUploadPictureTool:
    :path: "../"

SPEC CHECKSUMS:
  ZMKHUserUploadPictureTool: e4f750986c7c86656438e4f178c151934d8adc90

PODFILE CHECKSUM: e65b9317680056730fd4056f75f95025d28fffca

COCOAPODS: 1.6.1
